
Microsoft Visual Studio Solution File, Format Version 12.00
# Visual Studio Version 17
VisualStudioVersion = 17.0.31903.59
MinimumVisualStudioVersion = 10.0.40219.1
Project("{FAE04EC0-301F-11D3-BF4B-00C04F79EFBC}") = "ElsaServer", "ElsaServer\ElsaServer.csproj", "{08C55CE0-166D-8210-E3AE-A779864BFD83}"
EndProject
Project("{FAE04EC0-301F-11D3-BF4B-00C04F79EFBC}") = "ElsaStudioBlazorWasm", "ElsaStudioBlazorWasm\ElsaStudioBlazorWasm.csproj", "{782E7221-A3D0-7602-455A-EA75F1D72B67}"
EndProject
Global
	GlobalSection(SolutionConfigurationPlatforms) = preSolution
		Debug|Any CPU = Debug|Any CPU
		Release|Any CPU = Release|Any CPU
	EndGlobalSection
	GlobalSection(ProjectConfigurationPlatforms) = postSolution
		{08C55CE0-166D-8210-E3AE-A779864BFD83}.Debug|Any CPU.ActiveCfg = Debug|Any CPU
		{08C55CE0-166D-8210-E3AE-A779864BFD83}.Debug|Any CPU.Build.0 = Debug|Any CPU
		{08C55CE0-166D-8210-E3AE-A779864BFD83}.Release|Any CPU.ActiveCfg = Release|Any CPU
		{08C55CE0-166D-8210-E3AE-A779864BFD83}.Release|Any CPU.Build.0 = Release|Any CPU
		{782E7221-A3D0-7602-455A-EA75F1D72B67}.Debug|Any CPU.ActiveCfg = Debug|Any CPU
		{782E7221-A3D0-7602-455A-EA75F1D72B67}.Debug|Any CPU.Build.0 = Debug|Any CPU
		{782E7221-A3D0-7602-455A-EA75F1D72B67}.Release|Any CPU.ActiveCfg = Release|Any CPU
		{782E7221-A3D0-7602-455A-EA75F1D72B67}.Release|Any CPU.Build.0 = Release|Any CPU
	EndGlobalSection
	GlobalSection(SolutionProperties) = preSolution
		HideSolutionNode = FALSE
	EndGlobalSection
	GlobalSection(ExtensibilityGlobals) = postSolution
		SolutionGuid = {DDE077AD-601F-40F2-937A-B09F99AC1805}
	EndGlobalSection
EndGlobal
